
Microsoft Visual Studio Solution File, Format Version 12.00
# Visual Studio 2013
VisualStudioVersion = 12.0.31101.0
MinimumVisualStudioVersion = 10.0.40219.1
Project("{FAE04EC0-301F-11D3-BF4B-00C04F79EFBC}") = "ProjectDependencyBrowser", "ProjectDependencyBrowser\ProjectDependencyBrowser.csproj", "{A3D991CA-107F-4E5A-AB3B-B4D9667B31F4}"
EndProject
Project("{930C7802-8A8C-48F9-8165-68863BCCD9DD}") = "ProjectDependencyBrowser.Installer", "ProjectDependencyBrowser.Installer\ProjectDependencyBrowser.Installer.wixproj", "{2835D1BF-1EB9-492C-8F57-36BB47A303CF}"
EndProject
Project("{FAE04EC0-301F-11D3-BF4B-00C04F79EFBC}") = "MyToolkit", "..\MyToolkit\MyToolkit\MyToolkit.csproj", "{F01F49C0-5DA2-4757-B4E0-02EC7A187DED}"
EndProject
Project("{FAE04EC0-301F-11D3-BF4B-00C04F79EFBC}") = "MyToolkit.Extended.Wpf45", "..\MyToolkit\MyToolkit.Extended.Wpf\MyToolkit.Extended.Wpf45.csproj", "{0D8F527D-868F-4DE3-8559-EA3597D9D079}"
EndProject
Global
	GlobalSection(SolutionConfigurationPlatforms) = preSolution
		Debug|Any CPU = Debug|Any CPU
		Debug|Mixed Platforms = Debug|Mixed Platforms
		Release|Any CPU = Release|Any CPU
		Release|Mixed Platforms = Release|Mixed Platforms
	EndGlobalSection
	GlobalSection(ProjectConfigurationPlatforms) = postSolution
		{A3D991CA-107F-4E5A-AB3B-B4D9667B31F4}.Debug|Any CPU.ActiveCfg = Debug|Any CPU
		{A3D991CA-107F-4E5A-AB3B-B4D9667B31F4}.Debug|Any CPU.Build.0 = Debug|Any CPU
		{A3D991CA-107F-4E5A-AB3B-B4D9667B31F4}.Debug|Mixed Platforms.ActiveCfg = Debug|Any CPU
		{A3D991CA-107F-4E5A-AB3B-B4D9667B31F4}.Debug|Mixed Platforms.Build.0 = Debug|Any CPU
		{A3D991CA-107F-4E5A-AB3B-B4D9667B31F4}.Release|Any CPU.ActiveCfg = Release|Any CPU
		{A3D991CA-107F-4E5A-AB3B-B4D9667B31F4}.Release|Any CPU.Build.0 = Release|Any CPU
		{A3D991CA-107F-4E5A-AB3B-B4D9667B31F4}.Release|Mixed Platforms.ActiveCfg = Release|Any CPU
		{A3D991CA-107F-4E5A-AB3B-B4D9667B31F4}.Release|Mixed Platforms.Build.0 = Release|Any CPU
		{2835D1BF-1EB9-492C-8F57-36BB47A303CF}.Debug|Any CPU.ActiveCfg = Debug|x86
		{2835D1BF-1EB9-492C-8F57-36BB47A303CF}.Debug|Mixed Platforms.ActiveCfg = Debug|x86
		{2835D1BF-1EB9-492C-8F57-36BB47A303CF}.Debug|Mixed Platforms.Build.0 = Debug|x86
		{2835D1BF-1EB9-492C-8F57-36BB47A303CF}.Release|Any CPU.ActiveCfg = Release|x86
		{2835D1BF-1EB9-492C-8F57-36BB47A303CF}.Release|Any CPU.Build.0 = Release|x86
		{2835D1BF-1EB9-492C-8F57-36BB47A303CF}.Release|Mixed Platforms.ActiveCfg = Release|x86
		{2835D1BF-1EB9-492C-8F57-36BB47A303CF}.Release|Mixed Platforms.Build.0 = Release|x86
		{F01F49C0-5DA2-4757-B4E0-02EC7A187DED}.Debug|Any CPU.ActiveCfg = Debug|Any CPU
		{F01F49C0-5DA2-4757-B4E0-02EC7A187DED}.Debug|Any CPU.Build.0 = Debug|Any CPU
		{F01F49C0-5DA2-4757-B4E0-02EC7A187DED}.Debug|Mixed Platforms.ActiveCfg = Debug|Any CPU
		{F01F49C0-5DA2-4757-B4E0-02EC7A187DED}.Debug|Mixed Platforms.Build.0 = Debug|Any CPU
		{F01F49C0-5DA2-4757-B4E0-02EC7A187DED}.Release|Any CPU.ActiveCfg = Release|Any CPU
		{F01F49C0-5DA2-4757-B4E0-02EC7A187DED}.Release|Any CPU.Build.0 = Release|Any CPU
		{F01F49C0-5DA2-4757-B4E0-02EC7A187DED}.Release|Mixed Platforms.ActiveCfg = Release|Any CPU
		{F01F49C0-5DA2-4757-B4E0-02EC7A187DED}.Release|Mixed Platforms.Build.0 = Release|Any CPU
		{0D8F527D-868F-4DE3-8559-EA3597D9D079}.Debug|Any CPU.ActiveCfg = Debug|Any CPU
		{0D8F527D-868F-4DE3-8559-EA3597D9D079}.Debug|Any CPU.Build.0 = Debug|Any CPU
		{0D8F527D-868F-4DE3-8559-EA3597D9D079}.Debug|Mixed Platforms.ActiveCfg = Debug|Any CPU
		{0D8F527D-868F-4DE3-8559-EA3597D9D079}.Debug|Mixed Platforms.Build.0 = Debug|Any CPU
		{0D8F527D-868F-4DE3-8559-EA3597D9D079}.Release|Any CPU.ActiveCfg = Release|Any CPU
		{0D8F527D-868F-4DE3-8559-EA3597D9D079}.Release|Any CPU.Build.0 = Release|Any CPU
		{0D8F527D-868F-4DE3-8559-EA3597D9D079}.Release|Mixed Platforms.ActiveCfg = Release|Any CPU
		{0D8F527D-868F-4DE3-8559-EA3597D9D079}.Release|Mixed Platforms.Build.0 = Release|Any CPU
	EndGlobalSection
	GlobalSection(SolutionProperties) = preSolution
		HideSolutionNode = FALSE
	EndGlobalSection
	GlobalSection(Performance) = preSolution
		HasPerformanceSessions = true
	EndGlobalSection
EndGlobal
